
Microsoft Visual Studio Solution File, Format Version 12.00
# Visual Studio Version 16
VisualStudioVersion = 16.0.32510.428
MinimumVisualStudioVersion = 10.0.40219.1
Project("{FAE04EC0-301F-11D3-BF4B-00C04F79EFBC}") = "FourteenthTask", "FourteenthTask\FourteenthTask.csproj", "{394175E3-4AEA-4A14-8CC3-F229B4932F34}"
EndProject
Global
	GlobalSection(SolutionConfigurationPlatforms) = preSolution
		Debug|Any CPU = Debug|Any CPU
		Release|Any CPU = Release|Any CPU
	EndGlobalSection
	GlobalSection(ProjectConfigurationPlatforms) = postSolution
		{394175E3-4AEA-4A14-8CC3-F229B4932F34}.Debug|Any CPU.ActiveCfg = Debug|Any CPU
		{394175E3-4AEA-4A14-8CC3-F229B4932F34}.Debug|Any CPU.Build.0 = Debug|Any CPU
		{394175E3-4AEA-4A14-8CC3-F229B4932F34}.Release|Any CPU.ActiveCfg = Release|Any CPU
		{394175E3-4AEA-4A14-8CC3-F229B4932F34}.Release|Any CPU.Build.0 = Release|Any CPU
	EndGlobalSection
	GlobalSection(SolutionProperties) = preSolution
		HideSolutionNode = FALSE
	EndGlobalSection
	GlobalSection(ExtensibilityGlobals) = postSolution
		SolutionGuid = {E029DC42-F04D-40A5-BF42-1A5582676C05}
	EndGlobalSection
EndGlobal
